
Microsoft Visual Studio Solution File, Format Version 12.00
Project("{FAE04EC0-301F-11D3-BF4B-00C04F79EFBC}") = "Echo", "Echo\Echo.csproj", "{5880BB8F-6271-4D60-9A85-C0283CCF131B}"
EndProject
Project("{2150E333-8FDC-42A3-9474-1A3956D46DE8}") = "Root", "Root", "{FF139B3F-BA1C-4C03-92F8-DF020A951047}"
	ProjectSection(SolutionItems) = preProject
		.gitignore = .gitignore
		.github\workflows\ci.yml = .github\workflows\ci.yml
		.github\workflows\cd.yml = .github\workflows\cd.yml
	EndProjectSection
EndProject
Project("{FAE04EC0-301F-11D3-BF4B-00C04F79EFBC}") = "Echo.UnitTests", "Echo.UnitTests\Echo.UnitTests.csproj", "{1EABE571-2506-4CE0-B90F-3BA6078521AB}"
EndProject
Global
	GlobalSection(SolutionConfigurationPlatforms) = preSolution
		Debug|Any CPU = Debug|Any CPU
		Release|Any CPU = Release|Any CPU
	EndGlobalSection
	GlobalSection(ProjectConfigurationPlatforms) = postSolution
		{5880BB8F-6271-4D60-9A85-C0283CCF131B}.Debug|Any CPU.ActiveCfg = Debug|Any CPU
		{5880BB8F-6271-4D60-9A85-C0283CCF131B}.Debug|Any CPU.Build.0 = Debug|Any CPU
		{5880BB8F-6271-4D60-9A85-C0283CCF131B}.Release|Any CPU.ActiveCfg = Release|Any CPU
		{5880BB8F-6271-4D60-9A85-C0283CCF131B}.Release|Any CPU.Build.0 = Release|Any CPU
		{1EABE571-2506-4CE0-B90F-3BA6078521AB}.Debug|Any CPU.ActiveCfg = Debug|Any CPU
		{1EABE571-2506-4CE0-B90F-3BA6078521AB}.Debug|Any CPU.Build.0 = Debug|Any CPU
		{1EABE571-2506-4CE0-B90F-3BA6078521AB}.Release|Any CPU.ActiveCfg = Release|Any CPU
		{1EABE571-2506-4CE0-B90F-3BA6078521AB}.Release|Any CPU.Build.0 = Release|Any CPU
	EndGlobalSection
	GlobalSection(NestedProjects) = preSolution
	EndGlobalSection
EndGlobal
